
Microsoft Visual Studio Solution File, Format Version 12.00
# Visual Studio Version 17
VisualStudioVersion = 17.4.33213.308
MinimumVisualStudioVersion = 10.0.40219.1
Project("{9A19103F-16F7-4668-BE54-9A1E7A4F7556}") = "测试代码工程", "测试代码工程\测试代码工程.csproj", "{4C605DD5-FC07-4C55-9A76-7A6098A6CBBD}"
EndProject
Project("{FAE04EC0-301F-11D3-BF4B-00C04F79EFBC}") = "应用程序域", "应用程序域\应用程序域.csproj", "{FD688395-54D8-4079-8161-C67B62462D8D}"
EndProject
Project("{FAE04EC0-301F-11D3-BF4B-00C04F79EFBC}") = "应用程序域DLL", "应用程序域DLL\应用程序域DLL.csproj", "{AAC54B25-4357-429B-8670-B00A851D4396}"
EndProject
Project("{9A19103F-16F7-4668-BE54-9A1E7A4F7556}") = "NLog测试", "NLog测试\NLog测试.csproj", "{0408FF49-8A16-4EAC-9630-ACD8CFA0322E}"
EndProject
Project("{9A19103F-16F7-4668-BE54-9A1E7A4F7556}") = "捕获全局异常", "捕获全局异常\捕获全局异常.csproj", "{E236E587-40B7-4D96-8402-76E8D3DA0D64}"
EndProject
Project("{9A19103F-16F7-4668-BE54-9A1E7A4F7556}") = "WPF全局异常捕获", "WPF全局异常捕获\WPF全局异常捕获.csproj", "{284AC680-A55F-4D1A-BA85-E96DD07A5284}"
EndProject
Project("{9A19103F-16F7-4668-BE54-9A1E7A4F7556}") = "典型的WPF启动模板", "典型的WPF启动模板\典型的WPF启动模板.csproj", "{5CB3C169-FB4E-4D23-B332-9E233FA8A513}"
EndProject
Project("{9A19103F-16F7-4668-BE54-9A1E7A4F7556}") = "雪花算法", "雪花算法\雪花算法.csproj", "{562A2DB1-4A6B-44C6-9DAF-39FBBCFE7B44}"
EndProject
Project("{9A19103F-16F7-4668-BE54-9A1E7A4F7556}") = "串口测试", "串口测试\串口测试.csproj", "{5AAEFA47-A174-443C-ADB0-3BD440B4A218}"
EndProject
Project("{9A19103F-16F7-4668-BE54-9A1E7A4F7556}") = "串口通信2", "串口通信2\串口通信2.csproj", "{76EDEEEA-BD1D-4E3F-9502-A120304E3157}"
EndProject
Project("{9A19103F-16F7-4668-BE54-9A1E7A4F7556}") = "DispatcherDemo", "DispatcherDemo\DispatcherDemo.csproj", "{F529EF7B-90C7-4371-B7B1-9F734EF2BBE6}"
EndProject
Project("{9A19103F-16F7-4668-BE54-9A1E7A4F7556}") = "Caliburn.Micro.Tutorial.Wpf", "Caliburn.Micro.Tutorial.Wpf\Caliburn.Micro.Tutorial.Wpf.csproj", "{4535E078-601E-4F2C-B6AD-7E79FDE8547B}"
EndProject
Project("{9A19103F-16F7-4668-BE54-9A1E7A4F7556}") = "CaliburnSimpleContainerDemo", "CaliburnSimpleContainerDemo\CaliburnSimpleContainerDemo.csproj", "{473330E0-459F-4E64-A0C3-BD8882CC2CDD}"
EndProject
Project("{9A19103F-16F7-4668-BE54-9A1E7A4F7556}") = "加载界面", "加载界面\加载界面.csproj", "{ED091CD0-FD1C-4C38-836E-D6590F616BBA}"
EndProject
Project("{9A19103F-16F7-4668-BE54-9A1E7A4F7556}") = "加载界面-双UI线程", "加载界面-双UI线程\加载界面-双UI线程.csproj", "{96E51603-83F0-45D4-8FA1-F122B8D74FA3}"
EndProject
Project("{9A19103F-16F7-4668-BE54-9A1E7A4F7556}") = "DapperLab", "DapperLab\DapperLab.csproj", "{105421F6-33D2-4F12-9B14-14BD750D28E6}"
EndProject
Project("{9A19103F-16F7-4668-BE54-9A1E7A4F7556}") = "MainModule测试", "MainModule测试\MainModule测试.csproj", "{D3834B73-5166-4421-BFCB-518B4B77CB5D}"
EndProject
Project("{2150E333-8FDC-42A3-9474-1A3956D46DE8}") = "Caliburn.Micro", "Caliburn.Micro", "{AC62003D-0D91-4C63-AEE7-FD2D82FAB4E4}"
EndProject
Project("{9A19103F-16F7-4668-BE54-9A1E7A4F7556}") = "入门教程", "入门教程\入门教程.csproj", "{58BE400A-B4E2-4B69-9B33-F8622E3A2431}"
EndProject
Project("{2150E333-8FDC-42A3-9474-1A3956D46DE8}") = "Dapper", "Dapper", "{69EC7F98-E43B-4DC7-82EA-0E24A90EFC4C}"
EndProject
Project("{9A19103F-16F7-4668-BE54-9A1E7A4F7556}") = "Caliburn.Micro.Conductor.Tutorial", "Caliburn.Micro.Conductor.Tutorial\Caliburn.Micro.Conductor.Tutorial.csproj", "{C75E8383-7153-4FBF-8C3C-8B47D1DA369A}"
EndProject
Project("{2150E333-8FDC-42A3-9474-1A3956D46DE8}") = "TaskLab", "TaskLab", "{0E9F9BB1-96F3-4C6F-8212-55884644F3E9}"
EndProject
Project("{9A19103F-16F7-4668-BE54-9A1E7A4F7556}") = "FromResult", "FromResult\FromResult.csproj", "{15654039-C866-4642-BCAE-469BDC073848}"
EndProject
Project("{2150E333-8FDC-42A3-9474-1A3956D46DE8}") = "UI线程", "UI线程", "{EF2B999A-F233-4FD2-A653-3CF04CD7A8D8}"
EndProject
Project("{9A19103F-16F7-4668-BE54-9A1E7A4F7556}") = "连接两个线程的控件", "连接两个线程的控件\连接两个线程的控件.csproj", "{12C0D775-A35B-42EB-B75E-9DF4BE98B4E7}"
EndProject
Project("{2150E333-8FDC-42A3-9474-1A3956D46DE8}") = "ModbusLab", "ModbusLab", "{139BE30E-D801-4E4D-A1DD-B52EF8654955}"
EndProject
Project("{FAE04EC0-301F-11D3-BF4B-00C04F79EFBC}") = "CRC校验", "CRC校验\CRC校验.csproj", "{FC611C32-3881-4240-AE1A-D7B665909A1D}"
EndProject
Project("{2150E333-8FDC-42A3-9474-1A3956D46DE8}") = "串口", "串口", "{BF52BE5D-1768-42BE-8A00-BB7422D49AA1}"
EndProject
Project("{FAE04EC0-301F-11D3-BF4B-00C04F79EFBC}") = "垃圾回收", "垃圾回收\垃圾回收.csproj", "{756DAF12-C619-4FD4-8BB5-2FA7877B071E}"
EndProject
Project("{FAE04EC0-301F-11D3-BF4B-00C04F79EFBC}") = "测试泵", "测试泵\测试泵.csproj", "{2C18D2F1-31F6-4638-8BE8-14D13E91E44B}"
EndProject
Project("{FAE04EC0-301F-11D3-BF4B-00C04F79EFBC}") = "SyncFusionDemo", "SyncFusionDemo\SyncFusionDemo.csproj", "{7E64D90E-7AC0-4BF1-99BB-79C5225E3A5E}"
EndProject
Project("{2150E333-8FDC-42A3-9474-1A3956D46DE8}") = "Json练习", "Json练习", "{407B2DF3-3AF1-40F4-A814-6B50D389B920}"
EndProject
Project("{9A19103F-16F7-4668-BE54-9A1E7A4F7556}") = "Json.Net.Demo", "Json.Net.Demo\Json.Net.Demo.csproj", "{9CC49DC4-3AFA-4CEB-8CED-E287F136181F}"
EndProject
Project("{9A19103F-16F7-4668-BE54-9A1E7A4F7556}") = "控件的生命周期", "控件的生命周期\控件的生命周期.csproj", "{644A738C-0ECA-4011-A3A2-EFC2D10D6C34}"
EndProject
Project("{FAE04EC0-301F-11D3-BF4B-00C04F79EFBC}") = "能够暂停的计时器", "能够暂停的计时器\能够暂停的计时器.csproj", "{AA41D4FC-D269-49F1-8124-E758C382A771}"
EndProject
Project("{9A19103F-16F7-4668-BE54-9A1E7A4F7556}") = "方法的调用堆栈", "方法的调用堆栈\方法的调用堆栈.csproj", "{39D16564-9523-4B4C-8676-EB43B1B827BB}"
EndProject
Project("{9A19103F-16F7-4668-BE54-9A1E7A4F7556}") = "类本身做自身字段", "类本身做自身字段\类本身做自身字段.csproj", "{221BCB78-DAF2-4568-B725-531368504246}"
EndProject
Project("{9A19103F-16F7-4668-BE54-9A1E7A4F7556}") = "特性Attribute", "特性Attribute\特性Attribute.csproj", "{ACCB9238-00B8-42E5-A68F-26083739B7C4}"
EndProject
Project("{9A19103F-16F7-4668-BE54-9A1E7A4F7556}") = "GrpcService1", "GrpcService1\GrpcService1.csproj", "{40D96CF9-ED93-4F8B-8AE1-67A4D03946CD}"
EndProject
Project("{9A19103F-16F7-4668-BE54-9A1E7A4F7556}") = "万能委托", "万能委托\万能委托.csproj", "{C4516352-FD77-4DDB-AB0C-7EEA6FDDE005}"
EndProject
Project("{9A19103F-16F7-4668-BE54-9A1E7A4F7556}") = "获取用户最后一次输入的时间", "获取用户最后一次输入的时间\获取用户最后一次输入的时间.csproj", "{6140949C-9AF3-4DFD-A52D-87532E72B665}"
EndProject
Project("{9A19103F-16F7-4668-BE54-9A1E7A4F7556}") = "学习Prism", "学习Prism\学习Prism.csproj", "{7B54BB4E-B36C-4F70-B792-C11E2526EF8F}"
EndProject
Project("{9A19103F-16F7-4668-BE54-9A1E7A4F7556}") = "折叠板", "折叠板\折叠板.csproj", "{A083DADA-30F4-4363-AA4A-6B01B274B4A9}"
EndProject
Project("{9A19103F-16F7-4668-BE54-9A1E7A4F7556}") = "事件转命令", "事件转命令\事件转命令.csproj", "{5F2F3C64-2226-45AE-BDF7-54921402109D}"
EndProject
Project("{2150E333-8FDC-42A3-9474-1A3956D46DE8}") = "WPF", "WPF", "{83208DA8-1296-4414-A946-AB88E7596FF5}"
EndProject
Project("{FAE04EC0-301F-11D3-BF4B-00C04F79EFBC}") = "视图增删一行后台集合是否增删", "视图增删一行后台集合是否增删\视图增删一行后台集合是否增删.csproj", "{48BC8FF1-12D4-435C-B60E-3B063463B844}"
EndProject
Project("{2150E333-8FDC-42A3-9474-1A3956D46DE8}") = "列表控件", "列表控件", "{B95ED14F-6774-4325-ADB7-A569B79FC0ED}"
EndProject
Project("{FAE04EC0-301F-11D3-BF4B-00C04F79EFBC}") = "数据模板选择器", "数据模板选择器\数据模板选择器.csproj", "{1560D4F8-BA55-4250-862A-C47F4332E1CC}"
EndProject
Global
	GlobalSection(SolutionConfigurationPlatforms) = preSolution
		Debug|Any CPU = Debug|Any CPU
		Release|Any CPU = Release|Any CPU
	EndGlobalSection
	GlobalSection(ProjectConfigurationPlatforms) = postSolution
		{4C605DD5-FC07-4C55-9A76-7A6098A6CBBD}.Debug|Any CPU.ActiveCfg = Debug|Any CPU
		{4C605DD5-FC07-4C55-9A76-7A6098A6CBBD}.Debug|Any CPU.Build.0 = Debug|Any CPU
		{4C605DD5-FC07-4C55-9A76-7A6098A6CBBD}.Release|Any CPU.ActiveCfg = Release|Any CPU
		{4C605DD5-FC07-4C55-9A76-7A6098A6CBBD}.Release|Any CPU.Build.0 = Release|Any CPU
		{FD688395-54D8-4079-8161-C67B62462D8D}.Debug|Any CPU.ActiveCfg = Debug|Any CPU
		{FD688395-54D8-4079-8161-C67B62462D8D}.Debug|Any CPU.Build.0 = Debug|Any CPU
		{FD688395-54D8-4079-8161-C67B62462D8D}.Release|Any CPU.ActiveCfg = Release|Any CPU
		{FD688395-54D8-4079-8161-C67B62462D8D}.Release|Any CPU.Build.0 = Release|Any CPU
		{AAC54B25-4357-429B-8670-B00A851D4396}.Debug|Any CPU.ActiveCfg = Debug|Any CPU
		{AAC54B25-4357-429B-8670-B00A851D4396}.Debug|Any CPU.Build.0 = Debug|Any CPU
		{AAC54B25-4357-429B-8670-B00A851D4396}.Release|Any CPU.ActiveCfg = Release|Any CPU
		{AAC54B25-4357-429B-8670-B00A851D4396}.Release|Any CPU.Build.0 = Release|Any CPU
		{0408FF49-8A16-4EAC-9630-ACD8CFA0322E}.Debug|Any CPU.ActiveCfg = Debug|Any CPU
		{0408FF49-8A16-4EAC-9630-ACD8CFA0322E}.Debug|Any CPU.Build.0 = Debug|Any CPU
		{0408FF49-8A16-4EAC-9630-ACD8CFA0322E}.Release|Any CPU.ActiveCfg = Release|Any CPU
		{0408FF49-8A16-4EAC-9630-ACD8CFA0322E}.Release|Any CPU.Build.0 = Release|Any CPU
		{E236E587-40B7-4D96-8402-76E8D3DA0D64}.Debug|Any CPU.ActiveCfg = Debug|Any CPU
		{E236E587-40B7-4D96-8402-76E8D3DA0D64}.Debug|Any CPU.Build.0 = Debug|Any CPU
		{E236E587-40B7-4D96-8402-76E8D3DA0D64}.Release|Any CPU.ActiveCfg = Release|Any CPU
		{E236E587-40B7-4D96-8402-76E8D3DA0D64}.Release|Any CPU.Build.0 = Release|Any CPU
		{284AC680-A55F-4D1A-BA85-E96DD07A5284}.Debug|Any CPU.ActiveCfg = Debug|Any CPU
		{284AC680-A55F-4D1A-BA85-E96DD07A5284}.Debug|Any CPU.Build.0 = Debug|Any CPU
		{284AC680-A55F-4D1A-BA85-E96DD07A5284}.Release|Any CPU.ActiveCfg = Release|Any CPU
		{284AC680-A55F-4D1A-BA85-E96DD07A5284}.Release|Any CPU.Build.0 = Release|Any CPU
		{5CB3C169-FB4E-4D23-B332-9E233FA8A513}.Debug|Any CPU.ActiveCfg = Debug|Any CPU
		{5CB3C169-FB4E-4D23-B332-9E233FA8A513}.Debug|Any CPU.Build.0 = Debug|Any CPU
		{5CB3C169-FB4E-4D23-B332-9E233FA8A513}.Release|Any CPU.ActiveCfg = Release|Any CPU
		{5CB3C169-FB4E-4D23-B332-9E233FA8A513}.Release|Any CPU.Build.0 = Release|Any CPU
		{562A2DB1-4A6B-44C6-9DAF-39FBBCFE7B44}.Debug|Any CPU.ActiveCfg = Debug|Any CPU
		{562A2DB1-4A6B-44C6-9DAF-39FBBCFE7B44}.Debug|Any CPU.Build.0 = Debug|Any CPU
		{562A2DB1-4A6B-44C6-9DAF-39FBBCFE7B44}.Release|Any CPU.ActiveCfg = Release|Any CPU
		{562A2DB1-4A6B-44C6-9DAF-39FBBCFE7B44}.Release|Any CPU.Build.0 = Release|Any CPU
		{5AAEFA47-A174-443C-ADB0-3BD440B4A218}.Debug|Any CPU.ActiveCfg = Debug|Any CPU
		{5AAEFA47-A174-443C-ADB0-3BD440B4A218}.Debug|Any CPU.Build.0 = Debug|Any CPU
		{5AAEFA47-A174-443C-ADB0-3BD440B4A218}.Release|Any CPU.ActiveCfg = Release|Any CPU
		{5AAEFA47-A174-443C-ADB0-3BD440B4A218}.Release|Any CPU.Build.0 = Release|Any CPU
		{76EDEEEA-BD1D-4E3F-9502-A120304E3157}.Debug|Any CPU.ActiveCfg = Debug|Any CPU
		{76EDEEEA-BD1D-4E3F-9502-A120304E3157}.Debug|Any CPU.Build.0 = Debug|Any CPU
		{76EDEEEA-BD1D-4E3F-9502-A120304E3157}.Release|Any CPU.ActiveCfg = Release|Any CPU
		{76EDEEEA-BD1D-4E3F-9502-A120304E3157}.Release|Any CPU.Build.0 = Release|Any CPU
		{F529EF7B-90C7-4371-B7B1-9F734EF2BBE6}.Debug|Any CPU.ActiveCfg = Debug|Any CPU
		{F529EF7B-90C7-4371-B7B1-9F734EF2BBE6}.Debug|Any CPU.Build.0 = Debug|Any CPU
		{F529EF7B-90C7-4371-B7B1-9F734EF2BBE6}.Release|Any CPU.ActiveCfg = Release|Any CPU
		{F529EF7B-90C7-4371-B7B1-9F734EF2BBE6}.Release|Any CPU.Build.0 = Release|Any CPU
		{4535E078-601E-4F2C-B6AD-7E79FDE8547B}.Debug|Any CPU.ActiveCfg = Debug|Any CPU
		{4535E078-601E-4F2C-B6AD-7E79FDE8547B}.Debug|Any CPU.Build.0 = Debug|Any CPU
		{4535E078-601E-4F2C-B6AD-7E79FDE8547B}.Release|Any CPU.ActiveCfg = Release|Any CPU
		{4535E078-601E-4F2C-B6AD-7E79FDE8547B}.Release|Any CPU.Build.0 = Release|Any CPU
		{473330E0-459F-4E64-A0C3-BD8882CC2CDD}.Debug|Any CPU.ActiveCfg = Debug|Any CPU
		{473330E0-459F-4E64-A0C3-BD8882CC2CDD}.Debug|Any CPU.Build.0 = Debug|Any CPU
		{473330E0-459F-4E64-A0C3-BD8882CC2CDD}.Release|Any CPU.ActiveCfg = Release|Any CPU
		{473330E0-459F-4E64-A0C3-BD8882CC2CDD}.Release|Any CPU.Build.0 = Release|Any CPU
		{ED091CD0-FD1C-4C38-836E-D6590F616BBA}.Debug|Any CPU.ActiveCfg = Debug|Any CPU
		{ED091CD0-FD1C-4C38-836E-D6590F616BBA}.Debug|Any CPU.Build.0 = Debug|Any CPU
		{ED091CD0-FD1C-4C38-836E-D6590F616BBA}.Release|Any CPU.ActiveCfg = Release|Any CPU
		{ED091CD0-FD1C-4C38-836E-D6590F616BBA}.Release|Any CPU.Build.0 = Release|Any CPU
		{96E51603-83F0-45D4-8FA1-F122B8D74FA3}.Debug|Any CPU.ActiveCfg = Debug|Any CPU
		{96E51603-83F0-45D4-8FA1-F122B8D74FA3}.Debug|Any CPU.Build.0 = Debug|Any CPU
		{96E51603-83F0-45D4-8FA1-F122B8D74FA3}.Release|Any CPU.ActiveCfg = Release|Any CPU
		{96E51603-83F0-45D4-8FA1-F122B8D74FA3}.Release|Any CPU.Build.0 = Release|Any CPU
		{105421F6-33D2-4F12-9B14-14BD750D28E6}.Debug|Any CPU.ActiveCfg = Debug|Any CPU
		{105421F6-33D2-4F12-9B14-14BD750D28E6}.Debug|Any CPU.Build.0 = Debug|Any CPU
		{105421F6-33D2-4F12-9B14-14BD750D28E6}.Release|Any CPU.ActiveCfg = Release|Any CPU
		{105421F6-33D2-4F12-9B14-14BD750D28E6}.Release|Any CPU.Build.0 = Release|Any CPU
		{D3834B73-5166-4421-BFCB-518B4B77CB5D}.Debug|Any CPU.ActiveCfg = Debug|Any CPU
		{D3834B73-5166-4421-BFCB-518B4B77CB5D}.Debug|Any CPU.Build.0 = Debug|Any CPU
		{D3834B73-5166-4421-BFCB-518B4B77CB5D}.Release|Any CPU.ActiveCfg = Release|Any CPU
		{D3834B73-5166-4421-BFCB-518B4B77CB5D}.Release|Any CPU.Build.0 = Release|Any CPU
		{58BE400A-B4E2-4B69-9B33-F8622E3A2431}.Debug|Any CPU.ActiveCfg = Debug|Any CPU
		{58BE400A-B4E2-4B69-9B33-F8622E3A2431}.Debug|Any CPU.Build.0 = Debug|Any CPU
		{58BE400A-B4E2-4B69-9B33-F8622E3A2431}.Release|Any CPU.ActiveCfg = Release|Any CPU
		{58BE400A-B4E2-4B69-9B33-F8622E3A2431}.Release|Any CPU.Build.0 = Release|Any CPU
		{C75E8383-7153-4FBF-8C3C-8B47D1DA369A}.Debug|Any CPU.ActiveCfg = Debug|Any CPU
		{C75E8383-7153-4FBF-8C3C-8B47D1DA369A}.Debug|Any CPU.Build.0 = Debug|Any CPU
		{C75E8383-7153-4FBF-8C3C-8B47D1DA369A}.Release|Any CPU.ActiveCfg = Release|Any CPU
		{C75E8383-7153-4FBF-8C3C-8B47D1DA369A}.Release|Any CPU.Build.0 = Release|Any CPU
		{15654039-C866-4642-BCAE-469BDC073848}.Debug|Any CPU.ActiveCfg = Debug|Any CPU
		{15654039-C866-4642-BCAE-469BDC073848}.Debug|Any CPU.Build.0 = Debug|Any CPU
		{15654039-C866-4642-BCAE-469BDC073848}.Release|Any CPU.ActiveCfg = Release|Any CPU
		{15654039-C866-4642-BCAE-469BDC073848}.Release|Any CPU.Build.0 = Release|Any CPU
		{12C0D775-A35B-42EB-B75E-9DF4BE98B4E7}.Debug|Any CPU.ActiveCfg = Debug|Any CPU
		{12C0D775-A35B-42EB-B75E-9DF4BE98B4E7}.Debug|Any CPU.Build.0 = Debug|Any CPU
		{12C0D775-A35B-42EB-B75E-9DF4BE98B4E7}.Release|Any CPU.ActiveCfg = Release|Any CPU
		{12C0D775-A35B-42EB-B75E-9DF4BE98B4E7}.Release|Any CPU.Build.0 = Release|Any CPU
		{FC611C32-3881-4240-AE1A-D7B665909A1D}.Debug|Any CPU.ActiveCfg = Debug|Any CPU
		{FC611C32-3881-4240-AE1A-D7B665909A1D}.Debug|Any CPU.Build.0 = Debug|Any CPU
		{FC611C32-3881-4240-AE1A-D7B665909A1D}.Release|Any CPU.ActiveCfg = Release|Any CPU
		{FC611C32-3881-4240-AE1A-D7B665909A1D}.Release|Any CPU.Build.0 = Release|Any CPU
		{756DAF12-C619-4FD4-8BB5-2FA7877B071E}.Debug|Any CPU.ActiveCfg = Debug|Any CPU
		{756DAF12-C619-4FD4-8BB5-2FA7877B071E}.Debug|Any CPU.Build.0 = Debug|Any CPU
		{756DAF12-C619-4FD4-8BB5-2FA7877B071E}.Release|Any CPU.ActiveCfg = Release|Any CPU
		{756DAF12-C619-4FD4-8BB5-2FA7877B071E}.Release|Any CPU.Build.0 = Release|Any CPU
		{2C18D2F1-31F6-4638-8BE8-14D13E91E44B}.Debug|Any CPU.ActiveCfg = Debug|Any CPU
		{2C18D2F1-31F6-4638-8BE8-14D13E91E44B}.Debug|Any CPU.Build.0 = Debug|Any CPU
		{2C18D2F1-31F6-4638-8BE8-14D13E91E44B}.Release|Any CPU.ActiveCfg = Release|Any CPU
		{2C18D2F1-31F6-4638-8BE8-14D13E91E44B}.Release|Any CPU.Build.0 = Release|Any CPU
		{7E64D90E-7AC0-4BF1-99BB-79C5225E3A5E}.Debug|Any CPU.ActiveCfg = Debug|Any CPU
		{7E64D90E-7AC0-4BF1-99BB-79C5225E3A5E}.Debug|Any CPU.Build.0 = Debug|Any CPU
		{7E64D90E-7AC0-4BF1-99BB-79C5225E3A5E}.Release|Any CPU.ActiveCfg = Release|Any CPU
		{7E64D90E-7AC0-4BF1-99BB-79C5225E3A5E}.Release|Any CPU.Build.0 = Release|Any CPU
		{9CC49DC4-3AFA-4CEB-8CED-E287F136181F}.Debug|Any CPU.ActiveCfg = Debug|Any CPU
		{9CC49DC4-3AFA-4CEB-8CED-E287F136181F}.Debug|Any CPU.Build.0 = Debug|Any CPU
		{9CC49DC4-3AFA-4CEB-8CED-E287F136181F}.Release|Any CPU.ActiveCfg = Release|Any CPU
		{9CC49DC4-3AFA-4CEB-8CED-E287F136181F}.Release|Any CPU.Build.0 = Release|Any CPU
		{644A738C-0ECA-4011-A3A2-EFC2D10D6C34}.Debug|Any CPU.ActiveCfg = Debug|Any CPU
		{644A738C-0ECA-4011-A3A2-EFC2D10D6C34}.Debug|Any CPU.Build.0 = Debug|Any CPU
		{644A738C-0ECA-4011-A3A2-EFC2D10D6C34}.Release|Any CPU.ActiveCfg = Release|Any CPU
		{644A738C-0ECA-4011-A3A2-EFC2D10D6C34}.Release|Any CPU.Build.0 = Release|Any CPU
		{AA41D4FC-D269-49F1-8124-E758C382A771}.Debug|Any CPU.ActiveCfg = Debug|Any CPU
		{AA41D4FC-D269-49F1-8124-E758C382A771}.Debug|Any CPU.Build.0 = Debug|Any CPU
		{AA41D4FC-D269-49F1-8124-E758C382A771}.Release|Any CPU.ActiveCfg = Release|Any CPU
		{AA41D4FC-D269-49F1-8124-E758C382A771}.Release|Any CPU.Build.0 = Release|Any CPU
		{39D16564-9523-4B4C-8676-EB43B1B827BB}.Debug|Any CPU.ActiveCfg = Debug|Any CPU
		{39D16564-9523-4B4C-8676-EB43B1B827BB}.Debug|Any CPU.Build.0 = Debug|Any CPU
		{39D16564-9523-4B4C-8676-EB43B1B827BB}.Release|Any CPU.ActiveCfg = Release|Any CPU
		{39D16564-9523-4B4C-8676-EB43B1B827BB}.Release|Any CPU.Build.0 = Release|Any CPU
		{221BCB78-DAF2-4568-B725-531368504246}.Debug|Any CPU.ActiveCfg = Debug|Any CPU
		{221BCB78-DAF2-4568-B725-531368504246}.Debug|Any CPU.Build.0 = Debug|Any CPU
		{221BCB78-DAF2-4568-B725-531368504246}.Release|Any CPU.ActiveCfg = Release|Any CPU
		{221BCB78-DAF2-4568-B725-531368504246}.Release|Any CPU.Build.0 = Release|Any CPU
		{ACCB9238-00B8-42E5-A68F-26083739B7C4}.Debug|Any CPU.ActiveCfg = Debug|Any CPU
		{ACCB9238-00B8-42E5-A68F-26083739B7C4}.Debug|Any CPU.Build.0 = Debug|Any CPU
		{ACCB9238-00B8-42E5-A68F-26083739B7C4}.Release|Any CPU.ActiveCfg = Release|Any CPU
		{ACCB9238-00B8-42E5-A68F-26083739B7C4}.Release|Any CPU.Build.0 = Release|Any CPU
		{40D96CF9-ED93-4F8B-8AE1-67A4D03946CD}.Debug|Any CPU.ActiveCfg = Debug|Any CPU
		{40D96CF9-ED93-4F8B-8AE1-67A4D03946CD}.Debug|Any CPU.Build.0 = Debug|Any CPU
		{40D96CF9-ED93-4F8B-8AE1-67A4D03946CD}.Release|Any CPU.ActiveCfg = Release|Any CPU
		{40D96CF9-ED93-4F8B-8AE1-67A4D03946CD}.Release|Any CPU.Build.0 = Release|Any CPU
		{C4516352-FD77-4DDB-AB0C-7EEA6FDDE005}.Debug|Any CPU.ActiveCfg = Debug|Any CPU
		{C4516352-FD77-4DDB-AB0C-7EEA6FDDE005}.Debug|Any CPU.Build.0 = Debug|Any CPU
		{C4516352-FD77-4DDB-AB0C-7EEA6FDDE005}.Release|Any CPU.ActiveCfg = Release|Any CPU
		{C4516352-FD77-4DDB-AB0C-7EEA6FDDE005}.Release|Any CPU.Build.0 = Release|Any CPU
		{6140949C-9AF3-4DFD-A52D-87532E72B665}.Debug|Any CPU.ActiveCfg = Debug|Any CPU
		{6140949C-9AF3-4DFD-A52D-87532E72B665}.Debug|Any CPU.Build.0 = Debug|Any CPU
		{6140949C-9AF3-4DFD-A52D-87532E72B665}.Release|Any CPU.ActiveCfg = Release|Any CPU
		{6140949C-9AF3-4DFD-A52D-87532E72B665}.Release|Any CPU.Build.0 = Release|Any CPU
		{7B54BB4E-B36C-4F70-B792-C11E2526EF8F}.Debug|Any CPU.ActiveCfg = Debug|Any CPU
		{7B54BB4E-B36C-4F70-B792-C11E2526EF8F}.Debug|Any CPU.Build.0 = Debug|Any CPU
		{7B54BB4E-B36C-4F70-B792-C11E2526EF8F}.Release|Any CPU.ActiveCfg = Release|Any CPU
		{7B54BB4E-B36C-4F70-B792-C11E2526EF8F}.Release|Any CPU.Build.0 = Release|Any CPU
		{A083DADA-30F4-4363-AA4A-6B01B274B4A9}.Debug|Any CPU.ActiveCfg = Debug|Any CPU
		{A083DADA-30F4-4363-AA4A-6B01B274B4A9}.Debug|Any CPU.Build.0 = Debug|Any CPU
		{A083DADA-30F4-4363-AA4A-6B01B274B4A9}.Release|Any CPU.ActiveCfg = Release|Any CPU
		{A083DADA-30F4-4363-AA4A-6B01B274B4A9}.Release|Any CPU.Build.0 = Release|Any CPU
		{5F2F3C64-2226-45AE-BDF7-54921402109D}.Debug|Any CPU.ActiveCfg = Debug|Any CPU
		{5F2F3C64-2226-45AE-BDF7-54921402109D}.Debug|Any CPU.Build.0 = Debug|Any CPU
		{5F2F3C64-2226-45AE-BDF7-54921402109D}.Release|Any CPU.ActiveCfg = Release|Any CPU
		{5F2F3C64-2226-45AE-BDF7-54921402109D}.Release|Any CPU.Build.0 = Release|Any CPU
		{48BC8FF1-12D4-435C-B60E-3B063463B844}.Debug|Any CPU.ActiveCfg = Debug|Any CPU
		{48BC8FF1-12D4-435C-B60E-3B063463B844}.Debug|Any CPU.Build.0 = Debug|Any CPU
		{48BC8FF1-12D4-435C-B60E-3B063463B844}.Release|Any CPU.ActiveCfg = Release|Any CPU
		{48BC8FF1-12D4-435C-B60E-3B063463B844}.Release|Any CPU.Build.0 = Release|Any CPU
		{1560D4F8-BA55-4250-862A-C47F4332E1CC}.Debug|Any CPU.ActiveCfg = Debug|Any CPU
		{1560D4F8-BA55-4250-862A-C47F4332E1CC}.Debug|Any CPU.Build.0 = Debug|Any CPU
		{1560D4F8-BA55-4250-862A-C47F4332E1CC}.Release|Any CPU.ActiveCfg = Release|Any CPU
		{1560D4F8-BA55-4250-862A-C47F4332E1CC}.Release|Any CPU.Build.0 = Release|Any CPU
	EndGlobalSection
	GlobalSection(SolutionProperties) = preSolution
		HideSolutionNode = FALSE
	EndGlobalSection
	GlobalSection(NestedProjects) = preSolution
		{5CB3C169-FB4E-4D23-B332-9E233FA8A513} = {EF2B999A-F233-4FD2-A653-3CF04CD7A8D8}
		{5AAEFA47-A174-443C-ADB0-3BD440B4A218} = {BF52BE5D-1768-42BE-8A00-BB7422D49AA1}
		{76EDEEEA-BD1D-4E3F-9502-A120304E3157} = {BF52BE5D-1768-42BE-8A00-BB7422D49AA1}
		{4535E078-601E-4F2C-B6AD-7E79FDE8547B} = {AC62003D-0D91-4C63-AEE7-FD2D82FAB4E4}
		{473330E0-459F-4E64-A0C3-BD8882CC2CDD} = {AC62003D-0D91-4C63-AEE7-FD2D82FAB4E4}
		{ED091CD0-FD1C-4C38-836E-D6590F616BBA} = {EF2B999A-F233-4FD2-A653-3CF04CD7A8D8}
		{96E51603-83F0-45D4-8FA1-F122B8D74FA3} = {EF2B999A-F233-4FD2-A653-3CF04CD7A8D8}
		{105421F6-33D2-4F12-9B14-14BD750D28E6} = {69EC7F98-E43B-4DC7-82EA-0E24A90EFC4C}
		{58BE400A-B4E2-4B69-9B33-F8622E3A2431} = {AC62003D-0D91-4C63-AEE7-FD2D82FAB4E4}
		{C75E8383-7153-4FBF-8C3C-8B47D1DA369A} = {AC62003D-0D91-4C63-AEE7-FD2D82FAB4E4}
		{15654039-C866-4642-BCAE-469BDC073848} = {0E9F9BB1-96F3-4C6F-8212-55884644F3E9}
		{EF2B999A-F233-4FD2-A653-3CF04CD7A8D8} = {83208DA8-1296-4414-A946-AB88E7596FF5}
		{12C0D775-A35B-42EB-B75E-9DF4BE98B4E7} = {EF2B999A-F233-4FD2-A653-3CF04CD7A8D8}
		{FC611C32-3881-4240-AE1A-D7B665909A1D} = {139BE30E-D801-4E4D-A1DD-B52EF8654955}
		{2C18D2F1-31F6-4638-8BE8-14D13E91E44B} = {BF52BE5D-1768-42BE-8A00-BB7422D49AA1}
		{9CC49DC4-3AFA-4CEB-8CED-E287F136181F} = {407B2DF3-3AF1-40F4-A814-6B50D389B920}
		{A083DADA-30F4-4363-AA4A-6B01B274B4A9} = {83208DA8-1296-4414-A946-AB88E7596FF5}
		{5F2F3C64-2226-45AE-BDF7-54921402109D} = {83208DA8-1296-4414-A946-AB88E7596FF5}
		{48BC8FF1-12D4-435C-B60E-3B063463B844} = {83208DA8-1296-4414-A946-AB88E7596FF5}
		{B95ED14F-6774-4325-ADB7-A569B79FC0ED} = {83208DA8-1296-4414-A946-AB88E7596FF5}
		{1560D4F8-BA55-4250-862A-C47F4332E1CC} = {B95ED14F-6774-4325-ADB7-A569B79FC0ED}
	EndGlobalSection
	GlobalSection(ExtensibilityGlobals) = postSolution
		SolutionGuid = {3E8A92E6-E049-4595-8AC8-6B0E21CA828F}
	EndGlobalSection
EndGlobal
